
Microsoft Visual Studio Solution File, Format Version 12.00
# Visual Studio 2012
Project("{8BC9CEB8-8B4A-11D0-8D11-00A0C91BC942}") = "project", "project.vcxproj", "{16D4685C-4790-423F-A6BC-53F381C5AF5F}"
EndProject
Global
	GlobalSection(SolutionConfigurationPlatforms) = preSolution
		Debug|Win32 = Debug|Win32
		Release|Win32 = Release|Win32
	EndGlobalSection
	GlobalSection(ProjectConfigurationPlatforms) = postSolution
		{16D4685C-4790-423F-A6BC-53F381C5AF5F}.Debug|Win32.ActiveCfg = Debug|Win32
		{16D4685C-4790-423F-A6BC-53F381C5AF5F}.Debug|Win32.Build.0 = Debug|Win32
		{16D4685C-4790-423F-A6BC-53F381C5AF5F}.Release|Win32.ActiveCfg = Release|Win32
		{16D4685C-4790-423F-A6BC-53F381C5AF5F}.Release|Win32.Build.0 = Release|Win32
	EndGlobalSection
	GlobalSection(SolutionProperties) = preSolution
		HideSolutionNode = FALSE
	EndGlobalSection
EndGlobal
